
Microsoft Visual Studio Solution File, Format Version 12.00
# Visual Studio 14
VisualStudioVersion = 14.0.25420.1
MinimumVisualStudioVersion = 10.0.40219.1
Project("{2150E333-8FDC-42A3-9474-1A3956D46DE8}") = "Tests", "Tests", "{17C1FC09-18F9-4052-9728-BFAFCCF92DE8}"
EndProject
Project("{FAE04EC0-301F-11D3-BF4B-00C04F79EFBC}") = "Application", "src\Application\Application.csproj", "{FB8B3552-22FB-413F-9E00-032ABFE2D51C}"
EndProject
Project("{FAE04EC0-301F-11D3-BF4B-00C04F79EFBC}") = "Game Logic", "src\GameLogic\Game Logic.csproj", "{FB8B3552-22FB-413F-9E00-032ABFE2DA1C}"
EndProject
Project("{FAE04EC0-301F-11D3-BF4B-00C04F79EFBC}") = "Playthrough", "src\Playthrough\Playthrough.csproj", "{8E225CAA-9674-46A3-B0F4-972FC4E154C9}"
EndProject
Project("{FAE04EC0-301F-11D3-BF4B-00C04F79EFBC}") = "SessionSeven.Functional.Test", "src\Tests\SessionSeven.Functional.Test\SessionSeven.Functional.Test.csproj", "{70539779-EF22-4CA3-8F1A-125DFF443092}"
EndProject
Global
	GlobalSection(SolutionConfigurationPlatforms) = preSolution
		Debug|x86 = Debug|x86
		Release|x86 = Release|x86
	EndGlobalSection
	GlobalSection(ProjectConfigurationPlatforms) = postSolution
		{FB8B3552-22FB-413F-9E00-032ABFE2D51C}.Debug|x86.ActiveCfg = Debug|x86
		{FB8B3552-22FB-413F-9E00-032ABFE2D51C}.Debug|x86.Build.0 = Debug|x86
		{FB8B3552-22FB-413F-9E00-032ABFE2D51C}.Release|x86.ActiveCfg = Release|x86
		{FB8B3552-22FB-413F-9E00-032ABFE2D51C}.Release|x86.Build.0 = Release|x86
		{FB8B3552-22FB-413F-9E00-032ABFE2DA1C}.Debug|x86.ActiveCfg = Debug|x86
		{FB8B3552-22FB-413F-9E00-032ABFE2DA1C}.Debug|x86.Build.0 = Debug|x86
		{FB8B3552-22FB-413F-9E00-032ABFE2DA1C}.Release|x86.ActiveCfg = Release|x86
		{FB8B3552-22FB-413F-9E00-032ABFE2DA1C}.Release|x86.Build.0 = Release|x86
		{8E225CAA-9674-46A3-B0F4-972FC4E154C9}.Debug|x86.ActiveCfg = Debug|x86
		{8E225CAA-9674-46A3-B0F4-972FC4E154C9}.Debug|x86.Build.0 = Debug|x86
		{8E225CAA-9674-46A3-B0F4-972FC4E154C9}.Release|x86.ActiveCfg = Release|x86
		{8E225CAA-9674-46A3-B0F4-972FC4E154C9}.Release|x86.Build.0 = Release|x86
		{70539779-EF22-4CA3-8F1A-125DFF443092}.Debug|x86.ActiveCfg = Debug|Any CPU
		{70539779-EF22-4CA3-8F1A-125DFF443092}.Debug|x86.Build.0 = Debug|Any CPU
		{70539779-EF22-4CA3-8F1A-125DFF443092}.Release|x86.ActiveCfg = Release|Any CPU
		{70539779-EF22-4CA3-8F1A-125DFF443092}.Release|x86.Build.0 = Release|Any CPU
	EndGlobalSection
	GlobalSection(SolutionProperties) = preSolution
		HideSolutionNode = FALSE
	EndGlobalSection
	GlobalSection(NestedProjects) = preSolution
		{70539779-EF22-4CA3-8F1A-125DFF443092} = {17C1FC09-18F9-4052-9728-BFAFCCF92DE8}
	EndGlobalSection
EndGlobal
